
Microsoft Visual Studio Solution File, Format Version 12.00
# Visual Studio Version 17
VisualStudioVersion = 17.11.35327.3
MinimumVisualStudioVersion = 10.0.40219.1
Project("{FAE04EC0-301F-11D3-BF4B-00C04F79EFBC}") = "TR.MAUI.Droid.SimpleTooltip", "TR.MAUI.Droid.SimpleTooltip\TR.MAUI.Droid.SimpleTooltip.csproj", "{55240028-85D6-4EDA-BE29-1544E0AC55AF}"
EndProject
Global
	GlobalSection(SolutionConfigurationPlatforms) = preSolution
		Debug|Any CPU = Debug|Any CPU
		Release|Any CPU = Release|Any CPU
	EndGlobalSection
	GlobalSection(ProjectConfigurationPlatforms) = postSolution
		{55240028-85D6-4EDA-BE29-1544E0AC55AF}.Debug|Any CPU.ActiveCfg = Debug|Any CPU
		{55240028-85D6-4EDA-BE29-1544E0AC55AF}.Debug|Any CPU.Build.0 = Debug|Any CPU
		{55240028-85D6-4EDA-BE29-1544E0AC55AF}.Release|Any CPU.ActiveCfg = Release|Any CPU
		{55240028-85D6-4EDA-BE29-1544E0AC55AF}.Release|Any CPU.Build.0 = Release|Any CPU
	EndGlobalSection
	GlobalSection(SolutionProperties) = preSolution
		HideSolutionNode = FALSE
	EndGlobalSection
	GlobalSection(ExtensibilityGlobals) = postSolution
		SolutionGuid = {742FF311-8D55-4E5D-91DC-D11A38ED509E}
	EndGlobalSection
EndGlobal
